
Microsoft Visual Studio Solution File, Format Version 12.00
# Visual Studio Version 16
VisualStudioVersion = 16.0.31729.503
MinimumVisualStudioVersion = 10.0.40219.1
Project("{FAE04EC0-301F-11D3-BF4B-00C04F79EFBC}") = "CalcGUI", "CalcGUI.csproj", "{22240846-7192-4BF6-979F-7FF069F2316C}"
EndProject
Global
	GlobalSection(SolutionConfigurationPlatforms) = preSolution
		Debug|Any CPU = Debug|Any CPU
		Release|Any CPU = Release|Any CPU
	EndGlobalSection
	GlobalSection(ProjectConfigurationPlatforms) = postSolution
		{22240846-7192-4BF6-979F-7FF069F2316C}.Debug|Any CPU.ActiveCfg = Debug|Any CPU
		{22240846-7192-4BF6-979F-7FF069F2316C}.Debug|Any CPU.Build.0 = Debug|Any CPU
		{22240846-7192-4BF6-979F-7FF069F2316C}.Release|Any CPU.ActiveCfg = Release|Any CPU
		{22240846-7192-4BF6-979F-7FF069F2316C}.Release|Any CPU.Build.0 = Release|Any CPU
	EndGlobalSection
	GlobalSection(SolutionProperties) = preSolution
		HideSolutionNode = FALSE
	EndGlobalSection
	GlobalSection(ExtensibilityGlobals) = postSolution
		SolutionGuid = {E5BC89AA-BE12-4E87-BE4D-CBB19C99CF07}
	EndGlobalSection
EndGlobal
